// !$*UTF8*$!
{
	archiveVersion = 1;
	classes = {
	};
	objectVersion = 46;
	objects = {

/* Begin PBXBuildFile section */
		6CC8AA3F1968BC5E00BD155A /* AppDelegate.swift in Sources */ = {isa = PBXBuildFile; fileRef = 6CC8AA3E1968BC5E00BD155A /* AppDelegate.swift */; };
		6CC8AA411968BC5E00BD155A /* Images.xcassets in Resources */ = {isa = PBXBuildFile; fileRef = 6CC8AA401968BC5E00BD155A /* Images.xcassets */; };
		6CC8AA4D1968BC5E00BD155A /* QuizTests.swift in Sources */ = {isa = PBXBuildFile; fileRef = 6CC8AA4C1968BC5E00BD155A /* QuizTests.swift */; };
		6CC8AA571968BC8100BD155A /* BNRQuizViewController.swift in Sources */ = {isa = PBXBuildFile; fileRef = 6CC8AA561968BC8100BD155A /* BNRQuizViewController.swift */; };
		6CC8AA591968BC9A00BD155A /* BNRQuizViewController.xib in Resources */ = {isa = PBXBuildFile; fileRef = 6CC8AA581968BC9A00BD155A /* BNRQuizViewController.xib */; };
/* End PBXBuildFile section */

/* Begin PBXContainerItemProxy section */
		6CC8AA471968BC5E00BD155A /* PBXContainerItemProxy */ = {
			isa = PBXContainerItemProxy;
			containerPortal = 6CC8AA311968BC5E00BD155A /* Project object */;
			proxyType = 1;
			remoteGlobalIDString = 6CC8AA381968BC5E00BD155A;
			remoteInfo = Quiz;
		};
/* End PBXContainerItemProxy section */

/* Begin PBXFileReference section */
		6CC8AA391968BC5E00BD155A /* Quiz.app */ = {isa = PBXFileReference; explicitFileType = wrapper.application; includeInIndex = 0; path = Quiz.app; sourceTree = BUILT_PRODUCTS_DIR; };
		6CC8AA3D1968BC5E00BD155A /* Info.plist */ = {isa = PBXFileReference; lastKnownFileType = text.plist.xml; path = Info.plist; sourceTree = "<group>"; };
		6CC8AA3E1968BC5E00BD155A /* AppDelegate.swift */ = {isa = PBXFileReference; lastKnownFileType = sourcecode.swift; path = AppDelegate.swift; sourceTree = "<group>"; };
		6CC8AA401968BC5E00BD155A /* Images.xcassets */ = {isa = PBXFileReference; lastKnownFileType = folder.assetcatalog; path = Images.xcassets; sourceTree = "<group>"; };
		6CC8AA461968BC5E00BD155A /* QuizTests.xctest */ = {isa = PBXFileReference; explicitFileType = wrapper.cfbundle; includeInIndex = 0; path = QuizTests.xctest; sourceTree = BUILT_PRODUCTS_DIR; };
		6CC8AA4B1968BC5E00BD155A /* Info.plist */ = {isa = PBXFileReference; lastKnownFileType = text.plist.xml; path = Info.plist; sourceTree = "<group>"; };
		6CC8AA4C1968BC5E00BD155A /* QuizTests.swift */ = {isa = PBXFileReference; lastKnownFileType = sourcecode.swift; path = QuizTests.swift; sourceTree = "<group>"; };
		6CC8AA561968BC8100BD155A /* BNRQuizViewController.swift */ = {isa = PBXFileReference; fileEncoding = 4; lastKnownFileType = sourcecode.swift; path = BNRQuizViewController.swift; sourceTree = "<group>"; };
		6CC8AA581968BC9A00BD155A /* BNRQuizViewController.xib */ = {isa = PBXFileReference; fileEncoding = 4; lastKnownFileType = file.xib; path = BNRQuizViewController.xib; sourceTree = "<group>"; };
/* End PBXFileReference section */

/* Begin PBXFrameworksBuildPhase section */
		6CC8AA361968BC5E00BD155A /* Frameworks */ = {
			isa = PBXFrameworksBuildPhase;
			buildActionMask = 2147483647;
			files = (
			);
			runOnlyForDeploymentPostprocessing = 0;
		};
		6CC8AA431968BC5E00BD155A /* Frameworks */ = {
			isa = PBXFrameworksBuildPhase;
			buildActionMask = 2147483647;
			files = (
			);
			runOnlyForDeploymentPostprocessing = 0;
		};
/* End PBXFrameworksBuildPhase section */

/* Begin PBXGroup section */
		6CC8AA301968BC5E00BD155A = {
			isa = PBXGroup;
			children = (
				6CC8AA3B1968BC5E00BD155A /* Quiz */,
				6CC8AA491968BC5E00BD155A /* QuizTests */,
				6CC8AA3A1968BC5E00BD155A /* Products */,
			);
			sourceTree = "<group>";
		};
		6CC8AA3A1968BC5E00BD155A /* Products */ = {
			isa = PBXGroup;
			children = (
				6CC8AA391968BC5E00BD155A /* Quiz.app */,
				6CC8AA461968BC5E00BD155A /* QuizTests.xctest */,
			);
			name = Products;
			sourceTree = "<group>";
		};
		6CC8AA3B1968BC5E00BD155A /* Quiz */ = {
			isa = PBXGroup;
			children = (
				6CC8AA3E1968BC5E00BD155A /* AppDelegate.swift */,
				6CC8AA561968BC8100BD155A /* BNRQuizViewController.swift */,
				6CC8AA581968BC9A00BD155A /* BNRQuizViewController.xib */,
				6CC8AA401968BC5E00BD155A /* Images.xcassets */,
				6CC8AA3C1968BC5E00BD155A /* Supporting Files */,
			);
			path = Quiz;
			sourceTree = "<group>";
		};
		6CC8AA3C1968BC5E00BD155A /* Supporting Files */ = {
			isa = PBXGroup;
			children = (
				6CC8AA3D1968BC5E00BD155A /* Info.plist */,
			);
			name = "Supporting Files";
			sourceTree = "<group>";
		};
		6CC8AA491968BC5E00BD155A /* QuizTests */ = {
			isa = PBXGroup;
			children = (
				6CC8AA4C1968BC5E00BD155A /* QuizTests.swift */,
				6CC8AA4A1968BC5E00BD155A /* Supporting Files */,
			);
			path = QuizTests;
			sourceTree = "<group>";
		};
		6CC8AA4A1968BC5E00BD155A /* Supporting Files */ = {
			isa = PBXGroup;
			children = (
				6CC8AA4B1968BC5E00BD155A /* Info.plist */,
			);
			name = "Supporting Files";
			sourceTree = "<group>";
		};
/* End PBXGroup section */

/* Begin PBXNativeTarget section */
		6CC8AA381968BC5E00BD155A /* Quiz */ = {
			isa = PBXNativeTarget;
			buildConfigurationList = 6CC8AA501968BC5E00BD155A /* Build configuration list for PBXNativeTarget "Quiz" */;
			buildPhases = (
				6CC8AA351968BC5E00BD155A /* Sources */,
				6CC8AA361968BC5E00BD155A /* Frameworks */,
				6CC8AA371968BC5E00BD155A /* Resources */,
			);
			buildRules = (
			);
			dependencies = (
			);
			name = Quiz;
			productName = Quiz;
			productReference = 6CC8AA391968BC5E00BD155A /* Quiz.app */;
			productType = "com.apple.product-type.application";
		};
		6CC8AA451968BC5E00BD155A /* QuizTests */ = {
			isa = PBXNativeTarget;
			buildConfigurationList = 6CC8AA531968BC5E00BD155A /* Build configuration list for PBXNativeTarget "QuizTests" */;
			buildPhases = (
				6CC8AA421968BC5E00BD155A /* Sources */,
				6CC8AA431968BC5E00BD155A /* Frameworks */,
				6CC8AA441968BC5E00BD155A /* Resources */,
			);
			buildRules = (
			);
			dependencies = (
				6CC8AA481968BC5E00BD155A /* PBXTargetDependency */,
			);
			name = QuizTests;
			productName = QuizTests;
			productReference = 6CC8AA461968BC5E00BD155A /* QuizTests.xctest */;
			productType = "com.apple.product-type.bundle.unit-test";
		};
/* End PBXNativeTarget section */

/* Begin PBXProject section */
		6CC8AA311968BC5E00BD155A /* Project object */ = {
			isa = PBXProject;
			attributes = {
				LastUpgradeCheck = 0600;
				ORGANIZATIONNAME = "David Kobilnyk";
				TargetAttributes = {
					6CC8AA381968BC5E00BD155A = {
						CreatedOnToolsVersion = 6.0;
						DevelopmentTeam = 89UP8358TN;
					};
					6CC8AA451968BC5E00BD155A = {
						CreatedOnToolsVersion = 6.0;
						TestTargetID = 6CC8AA381968BC5E00BD155A;
					};
				};
			};
			buildConfigurationList = 6CC8AA341968BC5E00BD155A /* Build configuration list for PBXProject "Quiz" */;
			compatibilityVersion = "Xcode 3.2";
			developmentRegion = English;
			hasScannedForEncodings = 0;
			knownRegions = (
				en,
			);
			mainGroup = 6CC8AA301968BC5E00BD155A;
			productRefGroup = 6CC8AA3A1968BC5E00BD155A /* Products */;
			projectDirPath = "";
			projectRoot = "";
			targets = (
				6CC8AA381968BC5E00BD155A /* Quiz */,
				6CC8AA451968BC5E00BD155A /* QuizTests */,
			);
		};
/* End PBXProject section */

/* Begin PBXResourcesBuildPhase section */
		6CC8AA371968BC5E00BD155A /* Resources */ = {
			isa = PBXResourcesBuildPhase;
			buildActionMask = 2147483647;
			files = (
				6CC8AA591968BC9A00BD155A /* BNRQuizViewController.xib in Resources */,
				6CC8AA411968BC5E00BD155A /* Images.xcassets in Resources */,
			);
			runOnlyForDeploymentPostprocessing = 0;
		};
		6CC8AA441968BC5E00BD155A /* Resources */ = {
			isa = PBXResourcesBuildPhase;
			buildActionMask = 2147483647;
			files = (
			);
			runOnlyForDeploymentPostprocessing = 0;
		};
/* End PBXResourcesBuildPhase section */

/* Begin PBXSourcesBuildPhase section */
		6CC8AA351968BC5E00BD155A /* Sources */ = {
			isa = PBXSourcesBuildPhase;
			buildActionMask = 2147483647;
			files = (
				6CC8AA571968BC8100BD155A /* BNRQuizViewController.swift in Sources */,
				6CC8AA3F1968BC5E00BD155A /* AppDelegate.swift in Sources */,
			);
			runOnlyForDeploymentPostprocessing = 0;
		};
		6CC8AA421968BC5E00BD155A /* Sources */ = {
			isa = PBXSourcesBuildPhase;
			buildActionMask = 2147483647;
			files = (
				6CC8AA4D1968BC5E00BD155A /* QuizTests.swift in Sources */,
			);
			runOnlyForDeploymentPostprocessing = 0;
		};
/* End PBXSourcesBuildPhase section */

/* Begin PBXTargetDependency section */
		6CC8AA481968BC5E00BD155A /* PBXTargetDependency */ = {
			isa = PBXTargetDependency;
			target = 6CC8AA381968BC5E00BD155A /* Quiz */;
			targetProxy = 6CC8AA471968BC5E00BD155A /* PBXContainerItemProxy */;
		};
/* End PBXTargetDependency section */

/* Begin XCBuildConfiguration section */
		6CC8AA4E1968BC5E00BD155A /* Debug */ = {
			isa = XCBuildConfiguration;
			buildSettings = {
				ALWAYS_SEARCH_USER_PATHS = NO;
				CLANG_CXX_LANGUAGE_STANDARD = "gnu++0x";
				CLANG_CXX_LIBRARY = "libc++";
				CLANG_ENABLE_MODULES = YES;
				CLANG_ENABLE_OBJC_ARC = YES;
				CLANG_WARN_BOOL_CONVERSION = YES;
				CLANG_WARN_CONSTANT_CONVERSION = YES;
				CLANG_WARN_DIRECT_OBJC_ISA_USAGE = YES_ERROR;
				CLANG_WARN_EMPTY_BODY = YES;
				CLANG_WARN_ENUM_CONVERSION = YES;
				CLANG_WARN_INT_CONVERSION = YES;
				CLANG_WARN_OBJC_ROOT_CLASS = YES_ERROR;
				CLANG_WARN_UNREACHABLE_CODE = YES;
				CLANG_WARN__DUPLICATE_METHOD_MATCH = YES;
				"CODE_SIGN_IDENTITY[sdk=iphoneos*]" = "iPhone Developer";
				COPY_PHASE_STRIP = NO;
				ENABLE_STRICT_OBJC_MSGSEND = YES;
				GCC_C_LANGUAGE_STANDARD = gnu99;
				GCC_DYNAMIC_NO_PIC = NO;
				GCC_OPTIMIZATION_LEVEL = 0;
				GCC_PREPROCESSOR_DEFINITIONS = (
					"DEBUG=1",
					"$(inherited)",
				);
				GCC_SYMBOLS_PRIVATE_EXTERN = NO;
				GCC_WARN_64_TO_32_BIT_CONVERSION = YES;
				GCC_WARN_ABOUT_RETURN_TYPE = YES_ERROR;
				GCC_WARN_UNDECLARED_SELECTOR = YES;
				GCC_WARN_UNINITIALIZED_AUTOS = YES_AGGRESSIVE;
				GCC_WARN_UNUSED_FUNCTION = YES;
				GCC_WARN_UNUSED_VARIABLE = YES;
				IPHONEOS_DEPLOYMENT_TARGET = 8.0;
				METAL_ENABLE_DEBUG_INFO = YES;
				ONLY_ACTIVE_ARCH = YES;
				SDKROOT = iphoneos;
				SWIFT_OPTIMIZATION_LEVEL = "-Onone";
			};
			name = Debug;
		};
		6CC8AA4F1968BC5E00BD155A /* Release */ = {
			isa = XCBuildConfiguration;
			buildSettings = {
				ALWAYS_SEARCH_USER_PATHS = NO;
				CLANG_CXX_LANGUAGE_STANDARD = "gnu++0x";
				CLANG_CXX_LIBRARY = "libc++";
				CLANG_ENABLE_MODULES = YES;
				CLANG_ENABLE_OBJC_ARC = YES;
				CLANG_WARN_BOOL_CONVERSION = YES;
				CLANG_WARN_CONSTANT_CONVERSION = YES;
				CLANG_WARN_DIRECT_OBJC_ISA_USAGE = YES_ERROR;
				CLANG_WARN_EMPTY_BODY = YES;
				CLANG_WARN_ENUM_CONVERSION = YES;
				CLANG_WARN_INT_CONVERSION = YES;
				CLANG_WARN_OBJC_ROOT_CLASS = YES_ERROR;
				CLANG_WARN_UNREACHABLE_CODE = YES;
				CLANG_WARN__DUPLICATE_METHOD_MATCH = YES;
				"CODE_SIGN_IDENTITY[sdk=iphoneos*]" = "iPhone Developer";
				COPY_PHASE_STRIP = YES;
				ENABLE_NS_ASSERTIONS = NO;
				ENABLE_STRICT_OBJC_MSGSEND = YES;
				GCC_C_LANGUAGE_STANDARD = gnu99;
				GCC_WARN_64_TO_32_BIT_CONVERSION = YES;
				GCC_WARN_ABOUT_RETURN_TYPE = YES_ERROR;
				GCC_WARN_UNDECLARED_SELECTOR = YES;
				GCC_WARN_UNINITIALIZED_AUTOS = YES_AGGRESSIVE;
				GCC_WARN_UNUSED_FUNCTION = YES;
				GCC_WARN_UNUSED_VARIABLE = YES;
				IPHONEOS_DEPLOYMENT_TARGET = 8.0;
				METAL_ENABLE_DEBUG_INFO = NO;
				SDKROOT = iphoneos;
				VALIDATE_PRODUCT = YES;
			};
			name = Release;
		};
		6CC8AA511968BC5E00BD155A /* Debug */ = {
			isa = XCBuildConfiguration;
			buildSettings = {
				ASSETCATALOG_COMPILER_APPICON_NAME = AppIcon;
				ASSETCATALOG_COMPILER_LAUNCHIMAGE_NAME = LaunchImage;
				INFOPLIST_FILE = Quiz/Info.plist;
				LD_RUNPATH_SEARCH_PATHS = "$(inherited) @executable_path/Frameworks";
				PRODUCT_NAME = "$(TARGET_NAME)";
			};
			name = Debug;
		};
		6CC8AA521968BC5E00BD155A /* Release */ = {
			isa = XCBuildConfiguration;
			buildSettings = {
				ASSETCATALOG_COMPILER_APPICON_NAME = AppIcon;
				ASSETCATALOG_COMPILER_LAUNCHIMAGE_NAME = LaunchImage;
				INFOPLIST_FILE = Quiz/Info.plist;
				LD_RUNPATH_SEARCH_PATHS = "$(inherited) @executable_path/Frameworks";
				PRODUCT_NAME = "$(TARGET_NAME)";
			};
			name = Release;
		};
		6CC8AA541968BC5E00BD155A /* Debug */ = {
			isa = XCBuildConfiguration;
			buildSettings = {
				BUNDLE_LOADER = "$(BUILT_PRODUCTS_DIR)/Quiz.app/Quiz";
				FRAMEWORK_SEARCH_PATHS = (
					"$(SDKROOT)/Developer/Library/Frameworks",
					"$(inherited)",
				);
				GCC_PREPROCESSOR_DEFINITIONS = (
					"DEBUG=1",
					"$(inherited)",
				);
				INFOPLIST_FILE = QuizTests/Info.plist;
				LD_RUNPATH_SEARCH_PATHS = "$(inherited) @executable_path/Frameworks @loader_path/Frameworks";
				METAL_ENABLE_DEBUG_INFO = YES;
				PRODUCT_NAME = "$(TARGET_NAME)";
				TEST_HOST = "$(BUNDLE_LOADER)";
			};
			name = Debug;
		};
		6CC8AA551968BC5E00BD155A /* Release */ = {
			isa = XCBuildConfiguration;
			buildSettings = {
				BUNDLE_LOADER = "$(BUILT_PRODUCTS_DIR)/Quiz.app/Quiz";
				FRAMEWORK_SEARCH_PATHS = (
					"$(SDKROOT)/Developer/Library/Frameworks",
					"$(inherited)",
				);
				INFOPLIST_FILE = QuizTests/Info.plist;
				LD_RUNPATH_SEARCH_PATHS = "$(inherited) @executable_path/Frameworks @loader_path/Frameworks";
				METAL_ENABLE_DEBUG_INFO = NO;
				PRODUCT_NAME = "$(TARGET_NAME)";
				TEST_HOST = "$(BUNDLE_LOADER)";
			};
			name = Release;
		};
/* End XCBuildConfiguration section */

/* Begin XCConfigurationList section */
		6CC8AA341968BC5E00BD155A /* Build configuration list for PBXProject "Quiz" */ = {
			isa = XCConfigurationList;
			buildConfigurations = (
				6CC8AA4E1968BC5E00BD155A /* Debug */,
				6CC8AA4F1968BC5E00BD155A /* Release */,
			);
			defaultConfigurationIsVisible = 0;
			defaultConfigurationName = Release;
		};
		6CC8AA501968BC5E00BD155A /* Build configuration list for PBXNativeTarget "Quiz" */ = {
			isa = XCConfigurationList;
			buildConfigurations = (
				6CC8AA511968BC5E00BD155A /* Debug */,
				6CC8AA521968BC5E00BD155A /* Release */,
			);
			defaultConfigurationIsVisible = 0;
			defaultConfigurationName = Release;
		};
		6CC8AA531968BC5E00BD155A /* Build configuration list for PBXNativeTarget "QuizTests" */ = {
			isa = XCConfigurationList;
			buildConfigurations = (
				6CC8AA541968BC5E00BD155A /* Debug */,
				6CC8AA551968BC5E00BD155A /* Release */,
			);
			defaultConfigurationIsVisible = 0;
			defaultConfigurationName = Release;
		};
/* End XCConfigurationList section */
	};
	rootObject = 6CC8AA311968BC5E00BD155A /* Project object */;
}
