// !$*UTF8*$!
{
	archiveVersion = 1;
	classes = {
	};
	objectVersion = 46;
	objects = {

/* Begin PBXBuildFile section */
		6C453D221968E2DF00308E36 /* AppDelegate.swift in Sources */ = {isa = PBXBuildFile; fileRef = 6C453D211968E2DF00308E36 /* AppDelegate.swift */; };
		6C453D241968E2DF00308E36 /* Images.xcassets in Resources */ = {isa = PBXBuildFile; fileRef = 6C453D231968E2DF00308E36 /* Images.xcassets */; };
		6C453D301968E2E000308E36 /* HypnosisterTests.swift in Sources */ = {isa = PBXBuildFile; fileRef = 6C453D2F1968E2E000308E36 /* HypnosisterTests.swift */; };
		6C453D3A1968EAD300308E36 /* BNRHypnosisView.swift in Sources */ = {isa = PBXBuildFile; fileRef = 6C453D391968EAD300308E36 /* BNRHypnosisView.swift */; };
/* End PBXBuildFile section */

/* Begin PBXContainerItemProxy section */
		6C453D2A1968E2E000308E36 /* PBXContainerItemProxy */ = {
			isa = PBXContainerItemProxy;
			containerPortal = 6C453D141968E2DF00308E36 /* Project object */;
			proxyType = 1;
			remoteGlobalIDString = 6C453D1B1968E2DF00308E36;
			remoteInfo = Hypnosister;
		};
/* End PBXContainerItemProxy section */

/* Begin PBXFileReference section */
		6C453D1C1968E2DF00308E36 /* Hypnosister.app */ = {isa = PBXFileReference; explicitFileType = wrapper.application; includeInIndex = 0; path = Hypnosister.app; sourceTree = BUILT_PRODUCTS_DIR; };
		6C453D201968E2DF00308E36 /* Info.plist */ = {isa = PBXFileReference; lastKnownFileType = text.plist.xml; path = Info.plist; sourceTree = "<group>"; };
		6C453D211968E2DF00308E36 /* AppDelegate.swift */ = {isa = PBXFileReference; lastKnownFileType = sourcecode.swift; path = AppDelegate.swift; sourceTree = "<group>"; };
		6C453D231968E2DF00308E36 /* Images.xcassets */ = {isa = PBXFileReference; lastKnownFileType = folder.assetcatalog; path = Images.xcassets; sourceTree = "<group>"; };
		6C453D291968E2E000308E36 /* HypnosisterTests.xctest */ = {isa = PBXFileReference; explicitFileType = wrapper.cfbundle; includeInIndex = 0; path = HypnosisterTests.xctest; sourceTree = BUILT_PRODUCTS_DIR; };
		6C453D2E1968E2E000308E36 /* Info.plist */ = {isa = PBXFileReference; lastKnownFileType = text.plist.xml; path = Info.plist; sourceTree = "<group>"; };
		6C453D2F1968E2E000308E36 /* HypnosisterTests.swift */ = {isa = PBXFileReference; lastKnownFileType = sourcecode.swift; path = HypnosisterTests.swift; sourceTree = "<group>"; };
		6C453D391968EAD300308E36 /* BNRHypnosisView.swift */ = {isa = PBXFileReference; fileEncoding = 4; lastKnownFileType = sourcecode.swift; path = BNRHypnosisView.swift; sourceTree = "<group>"; };
/* End PBXFileReference section */

/* Begin PBXFrameworksBuildPhase section */
		6C453D191968E2DF00308E36 /* Frameworks */ = {
			isa = PBXFrameworksBuildPhase;
			buildActionMask = 2147483647;
			files = (
			);
			runOnlyForDeploymentPostprocessing = 0;
		};
		6C453D261968E2E000308E36 /* Frameworks */ = {
			isa = PBXFrameworksBuildPhase;
			buildActionMask = 2147483647;
			files = (
			);
			runOnlyForDeploymentPostprocessing = 0;
		};
/* End PBXFrameworksBuildPhase section */

/* Begin PBXGroup section */
		6C453D131968E2DF00308E36 = {
			isa = PBXGroup;
			children = (
				6C453D1E1968E2DF00308E36 /* Hypnosister */,
				6C453D2C1968E2E000308E36 /* HypnosisterTests */,
				6C453D1D1968E2DF00308E36 /* Products */,
			);
			sourceTree = "<group>";
		};
		6C453D1D1968E2DF00308E36 /* Products */ = {
			isa = PBXGroup;
			children = (
				6C453D1C1968E2DF00308E36 /* Hypnosister.app */,
				6C453D291968E2E000308E36 /* HypnosisterTests.xctest */,
			);
			name = Products;
			sourceTree = "<group>";
		};
		6C453D1E1968E2DF00308E36 /* Hypnosister */ = {
			isa = PBXGroup;
			children = (
				6C453D211968E2DF00308E36 /* AppDelegate.swift */,
				6C453D391968EAD300308E36 /* BNRHypnosisView.swift */,
				6C453D231968E2DF00308E36 /* Images.xcassets */,
				6C453D1F1968E2DF00308E36 /* Supporting Files */,
			);
			path = Hypnosister;
			sourceTree = "<group>";
		};
		6C453D1F1968E2DF00308E36 /* Supporting Files */ = {
			isa = PBXGroup;
			children = (
				6C453D201968E2DF00308E36 /* Info.plist */,
			);
			name = "Supporting Files";
			sourceTree = "<group>";
		};
		6C453D2C1968E2E000308E36 /* HypnosisterTests */ = {
			isa = PBXGroup;
			children = (
				6C453D2F1968E2E000308E36 /* HypnosisterTests.swift */,
				6C453D2D1968E2E000308E36 /* Supporting Files */,
			);
			path = HypnosisterTests;
			sourceTree = "<group>";
		};
		6C453D2D1968E2E000308E36 /* Supporting Files */ = {
			isa = PBXGroup;
			children = (
				6C453D2E1968E2E000308E36 /* Info.plist */,
			);
			name = "Supporting Files";
			sourceTree = "<group>";
		};
/* End PBXGroup section */

/* Begin PBXNativeTarget section */
		6C453D1B1968E2DF00308E36 /* Hypnosister */ = {
			isa = PBXNativeTarget;
			buildConfigurationList = 6C453D331968E2E000308E36 /* Build configuration list for PBXNativeTarget "Hypnosister" */;
			buildPhases = (
				6C453D181968E2DF00308E36 /* Sources */,
				6C453D191968E2DF00308E36 /* Frameworks */,
				6C453D1A1968E2DF00308E36 /* Resources */,
			);
			buildRules = (
			);
			dependencies = (
			);
			name = Hypnosister;
			productName = Hypnosister;
			productReference = 6C453D1C1968E2DF00308E36 /* Hypnosister.app */;
			productType = "com.apple.product-type.application";
		};
		6C453D281968E2E000308E36 /* HypnosisterTests */ = {
			isa = PBXNativeTarget;
			buildConfigurationList = 6C453D361968E2E000308E36 /* Build configuration list for PBXNativeTarget "HypnosisterTests" */;
			buildPhases = (
				6C453D251968E2E000308E36 /* Sources */,
				6C453D261968E2E000308E36 /* Frameworks */,
				6C453D271968E2E000308E36 /* Resources */,
			);
			buildRules = (
			);
			dependencies = (
				6C453D2B1968E2E000308E36 /* PBXTargetDependency */,
			);
			name = HypnosisterTests;
			productName = HypnosisterTests;
			productReference = 6C453D291968E2E000308E36 /* HypnosisterTests.xctest */;
			productType = "com.apple.product-type.bundle.unit-test";
		};
/* End PBXNativeTarget section */

/* Begin PBXProject section */
		6C453D141968E2DF00308E36 /* Project object */ = {
			isa = PBXProject;
			attributes = {
				LastUpgradeCheck = 0600;
				ORGANIZATIONNAME = "David Kobilnyk";
				TargetAttributes = {
					6C453D1B1968E2DF00308E36 = {
						CreatedOnToolsVersion = 6.0;
					};
					6C453D281968E2E000308E36 = {
						CreatedOnToolsVersion = 6.0;
						TestTargetID = 6C453D1B1968E2DF00308E36;
					};
				};
			};
			buildConfigurationList = 6C453D171968E2DF00308E36 /* Build configuration list for PBXProject "Hypnosister" */;
			compatibilityVersion = "Xcode 3.2";
			developmentRegion = English;
			hasScannedForEncodings = 0;
			knownRegions = (
				en,
			);
			mainGroup = 6C453D131968E2DF00308E36;
			productRefGroup = 6C453D1D1968E2DF00308E36 /* Products */;
			projectDirPath = "";
			projectRoot = "";
			targets = (
				6C453D1B1968E2DF00308E36 /* Hypnosister */,
				6C453D281968E2E000308E36 /* HypnosisterTests */,
			);
		};
/* End PBXProject section */

/* Begin PBXResourcesBuildPhase section */
		6C453D1A1968E2DF00308E36 /* Resources */ = {
			isa = PBXResourcesBuildPhase;
			buildActionMask = 2147483647;
			files = (
				6C453D241968E2DF00308E36 /* Images.xcassets in Resources */,
			);
			runOnlyForDeploymentPostprocessing = 0;
		};
		6C453D271968E2E000308E36 /* Resources */ = {
			isa = PBXResourcesBuildPhase;
			buildActionMask = 2147483647;
			files = (
			);
			runOnlyForDeploymentPostprocessing = 0;
		};
/* End PBXResourcesBuildPhase section */

/* Begin PBXSourcesBuildPhase section */
		6C453D181968E2DF00308E36 /* Sources */ = {
			isa = PBXSourcesBuildPhase;
			buildActionMask = 2147483647;
			files = (
				6C453D3A1968EAD300308E36 /* BNRHypnosisView.swift in Sources */,
				6C453D221968E2DF00308E36 /* AppDelegate.swift in Sources */,
			);
			runOnlyForDeploymentPostprocessing = 0;
		};
		6C453D251968E2E000308E36 /* Sources */ = {
			isa = PBXSourcesBuildPhase;
			buildActionMask = 2147483647;
			files = (
				6C453D301968E2E000308E36 /* HypnosisterTests.swift in Sources */,
			);
			runOnlyForDeploymentPostprocessing = 0;
		};
/* End PBXSourcesBuildPhase section */

/* Begin PBXTargetDependency section */
		6C453D2B1968E2E000308E36 /* PBXTargetDependency */ = {
			isa = PBXTargetDependency;
			target = 6C453D1B1968E2DF00308E36 /* Hypnosister */;
			targetProxy = 6C453D2A1968E2E000308E36 /* PBXContainerItemProxy */;
		};
/* End PBXTargetDependency section */

/* Begin XCBuildConfiguration section */
		6C453D311968E2E000308E36 /* Debug */ = {
			isa = XCBuildConfiguration;
			buildSettings = {
				ALWAYS_SEARCH_USER_PATHS = NO;
				CLANG_CXX_LANGUAGE_STANDARD = "gnu++0x";
				CLANG_CXX_LIBRARY = "libc++";
				CLANG_ENABLE_MODULES = YES;
				CLANG_ENABLE_OBJC_ARC = YES;
				CLANG_WARN_BOOL_CONVERSION = YES;
				CLANG_WARN_CONSTANT_CONVERSION = YES;
				CLANG_WARN_DIRECT_OBJC_ISA_USAGE = YES_ERROR;
				CLANG_WARN_EMPTY_BODY = YES;
				CLANG_WARN_ENUM_CONVERSION = YES;
				CLANG_WARN_INT_CONVERSION = YES;
				CLANG_WARN_OBJC_ROOT_CLASS = YES_ERROR;
				CLANG_WARN_UNREACHABLE_CODE = YES;
				CLANG_WARN__DUPLICATE_METHOD_MATCH = YES;
				"CODE_SIGN_IDENTITY[sdk=iphoneos*]" = "iPhone Developer";
				COPY_PHASE_STRIP = NO;
				ENABLE_STRICT_OBJC_MSGSEND = YES;
				GCC_C_LANGUAGE_STANDARD = gnu99;
				GCC_DYNAMIC_NO_PIC = NO;
				GCC_OPTIMIZATION_LEVEL = 0;
				GCC_PREPROCESSOR_DEFINITIONS = (
					"DEBUG=1",
					"$(inherited)",
				);
				GCC_SYMBOLS_PRIVATE_EXTERN = NO;
				GCC_WARN_64_TO_32_BIT_CONVERSION = YES;
				GCC_WARN_ABOUT_RETURN_TYPE = YES_ERROR;
				GCC_WARN_UNDECLARED_SELECTOR = YES;
				GCC_WARN_UNINITIALIZED_AUTOS = YES_AGGRESSIVE;
				GCC_WARN_UNUSED_FUNCTION = YES;
				GCC_WARN_UNUSED_VARIABLE = YES;
				IPHONEOS_DEPLOYMENT_TARGET = 8.0;
				METAL_ENABLE_DEBUG_INFO = YES;
				ONLY_ACTIVE_ARCH = YES;
				SDKROOT = iphoneos;
				SWIFT_OPTIMIZATION_LEVEL = "-Onone";
			};
			name = Debug;
		};
		6C453D321968E2E000308E36 /* Release */ = {
			isa = XCBuildConfiguration;
			buildSettings = {
				ALWAYS_SEARCH_USER_PATHS = NO;
				CLANG_CXX_LANGUAGE_STANDARD = "gnu++0x";
				CLANG_CXX_LIBRARY = "libc++";
				CLANG_ENABLE_MODULES = YES;
				CLANG_ENABLE_OBJC_ARC = YES;
				CLANG_WARN_BOOL_CONVERSION = YES;
				CLANG_WARN_CONSTANT_CONVERSION = YES;
				CLANG_WARN_DIRECT_OBJC_ISA_USAGE = YES_ERROR;
				CLANG_WARN_EMPTY_BODY = YES;
				CLANG_WARN_ENUM_CONVERSION = YES;
				CLANG_WARN_INT_CONVERSION = YES;
				CLANG_WARN_OBJC_ROOT_CLASS = YES_ERROR;
				CLANG_WARN_UNREACHABLE_CODE = YES;
				CLANG_WARN__DUPLICATE_METHOD_MATCH = YES;
				"CODE_SIGN_IDENTITY[sdk=iphoneos*]" = "iPhone Developer";
				COPY_PHASE_STRIP = YES;
				ENABLE_NS_ASSERTIONS = NO;
				ENABLE_STRICT_OBJC_MSGSEND = YES;
				GCC_C_LANGUAGE_STANDARD = gnu99;
				GCC_WARN_64_TO_32_BIT_CONVERSION = YES;
				GCC_WARN_ABOUT_RETURN_TYPE = YES_ERROR;
				GCC_WARN_UNDECLARED_SELECTOR = YES;
				GCC_WARN_UNINITIALIZED_AUTOS = YES_AGGRESSIVE;
				GCC_WARN_UNUSED_FUNCTION = YES;
				GCC_WARN_UNUSED_VARIABLE = YES;
				IPHONEOS_DEPLOYMENT_TARGET = 8.0;
				METAL_ENABLE_DEBUG_INFO = NO;
				SDKROOT = iphoneos;
				VALIDATE_PRODUCT = YES;
			};
			name = Release;
		};
		6C453D341968E2E000308E36 /* Debug */ = {
			isa = XCBuildConfiguration;
			buildSettings = {
				ASSETCATALOG_COMPILER_APPICON_NAME = AppIcon;
				ASSETCATALOG_COMPILER_LAUNCHIMAGE_NAME = LaunchImage;
				INFOPLIST_FILE = Hypnosister/Info.plist;
				LD_RUNPATH_SEARCH_PATHS = "$(inherited) @executable_path/Frameworks";
				PRODUCT_NAME = "$(TARGET_NAME)";
			};
			name = Debug;
		};
		6C453D351968E2E000308E36 /* Release */ = {
			isa = XCBuildConfiguration;
			buildSettings = {
				ASSETCATALOG_COMPILER_APPICON_NAME = AppIcon;
				ASSETCATALOG_COMPILER_LAUNCHIMAGE_NAME = LaunchImage;
				INFOPLIST_FILE = Hypnosister/Info.plist;
				LD_RUNPATH_SEARCH_PATHS = "$(inherited) @executable_path/Frameworks";
				PRODUCT_NAME = "$(TARGET_NAME)";
			};
			name = Release;
		};
		6C453D371968E2E000308E36 /* Debug */ = {
			isa = XCBuildConfiguration;
			buildSettings = {
				BUNDLE_LOADER = "$(BUILT_PRODUCTS_DIR)/Hypnosister.app/Hypnosister";
				FRAMEWORK_SEARCH_PATHS = (
					"$(SDKROOT)/Developer/Library/Frameworks",
					"$(inherited)",
				);
				GCC_PREPROCESSOR_DEFINITIONS = (
					"DEBUG=1",
					"$(inherited)",
				);
				INFOPLIST_FILE = HypnosisterTests/Info.plist;
				LD_RUNPATH_SEARCH_PATHS = "$(inherited) @executable_path/Frameworks @loader_path/Frameworks";
				METAL_ENABLE_DEBUG_INFO = YES;
				PRODUCT_NAME = "$(TARGET_NAME)";
				TEST_HOST = "$(BUNDLE_LOADER)";
			};
			name = Debug;
		};
		6C453D381968E2E000308E36 /* Release */ = {
			isa = XCBuildConfiguration;
			buildSettings = {
				BUNDLE_LOADER = "$(BUILT_PRODUCTS_DIR)/Hypnosister.app/Hypnosister";
				FRAMEWORK_SEARCH_PATHS = (
					"$(SDKROOT)/Developer/Library/Frameworks",
					"$(inherited)",
				);
				INFOPLIST_FILE = HypnosisterTests/Info.plist;
				LD_RUNPATH_SEARCH_PATHS = "$(inherited) @executable_path/Frameworks @loader_path/Frameworks";
				METAL_ENABLE_DEBUG_INFO = NO;
				PRODUCT_NAME = "$(TARGET_NAME)";
				TEST_HOST = "$(BUNDLE_LOADER)";
			};
			name = Release;
		};
/* End XCBuildConfiguration section */

/* Begin XCConfigurationList section */
		6C453D171968E2DF00308E36 /* Build configuration list for PBXProject "Hypnosister" */ = {
			isa = XCConfigurationList;
			buildConfigurations = (
				6C453D311968E2E000308E36 /* Debug */,
				6C453D321968E2E000308E36 /* Release */,
			);
			defaultConfigurationIsVisible = 0;
			defaultConfigurationName = Release;
		};
		6C453D331968E2E000308E36 /* Build configuration list for PBXNativeTarget "Hypnosister" */ = {
			isa = XCConfigurationList;
			buildConfigurations = (
				6C453D341968E2E000308E36 /* Debug */,
				6C453D351968E2E000308E36 /* Release */,
			);
			defaultConfigurationIsVisible = 0;
		};
		6C453D361968E2E000308E36 /* Build configuration list for PBXNativeTarget "HypnosisterTests" */ = {
			isa = XCConfigurationList;
			buildConfigurations = (
				6C453D371968E2E000308E36 /* Debug */,
				6C453D381968E2E000308E36 /* Release */,
			);
			defaultConfigurationIsVisible = 0;
		};
/* End XCConfigurationList section */
	};
	rootObject = 6C453D141968E2DF00308E36 /* Project object */;
}
