// !$*UTF8*$!
{
	archiveVersion = 1;
	classes = {
	};
	objectVersion = 46;
	objects = {

/* Begin PBXBuildFile section */
		0D64EB44198404080003D1C1 /* AppDelegate.swift in Sources */ = {isa = PBXBuildFile; fileRef = 0D64EB43198404080003D1C1 /* AppDelegate.swift */; };
		0D64EB46198404080003D1C1 /* ViewController.swift in Sources */ = {isa = PBXBuildFile; fileRef = 0D64EB45198404080003D1C1 /* ViewController.swift */; };
		0D64EB49198404080003D1C1 /* Main.storyboard in Resources */ = {isa = PBXBuildFile; fileRef = 0D64EB47198404080003D1C1 /* Main.storyboard */; };
		0D64EB4B198404080003D1C1 /* Images.xcassets in Resources */ = {isa = PBXBuildFile; fileRef = 0D64EB4A198404080003D1C1 /* Images.xcassets */; };
		0D64EB57198404080003D1C1 /* TouchTrackerTests.swift in Sources */ = {isa = PBXBuildFile; fileRef = 0D64EB56198404080003D1C1 /* TouchTrackerTests.swift */; };
		0D64EB61198404380003D1C1 /* BNRLine.swift in Sources */ = {isa = PBXBuildFile; fileRef = 0D64EB60198404380003D1C1 /* BNRLine.swift */; };
		0D64EB63198404960003D1C1 /* BNRDrawView.swift in Sources */ = {isa = PBXBuildFile; fileRef = 0D64EB62198404960003D1C1 /* BNRDrawView.swift */; };
		0D64EB6519841DE00003D1C1 /* BNRDrawViewController.swift in Sources */ = {isa = PBXBuildFile; fileRef = 0D64EB6419841DE00003D1C1 /* BNRDrawViewController.swift */; };
/* End PBXBuildFile section */

/* Begin PBXContainerItemProxy section */
		0D64EB51198404080003D1C1 /* PBXContainerItemProxy */ = {
			isa = PBXContainerItemProxy;
			containerPortal = 0D64EB36198404080003D1C1 /* Project object */;
			proxyType = 1;
			remoteGlobalIDString = 0D64EB3D198404080003D1C1;
			remoteInfo = TouchTracker;
		};
/* End PBXContainerItemProxy section */

/* Begin PBXFileReference section */
		0D64EB3E198404080003D1C1 /* TouchTracker.app */ = {isa = PBXFileReference; explicitFileType = wrapper.application; includeInIndex = 0; path = TouchTracker.app; sourceTree = BUILT_PRODUCTS_DIR; };
		0D64EB42198404080003D1C1 /* Info.plist */ = {isa = PBXFileReference; lastKnownFileType = text.plist.xml; path = Info.plist; sourceTree = "<group>"; };
		0D64EB43198404080003D1C1 /* AppDelegate.swift */ = {isa = PBXFileReference; lastKnownFileType = sourcecode.swift; path = AppDelegate.swift; sourceTree = "<group>"; };
		0D64EB45198404080003D1C1 /* ViewController.swift */ = {isa = PBXFileReference; lastKnownFileType = sourcecode.swift; path = ViewController.swift; sourceTree = "<group>"; };
		0D64EB48198404080003D1C1 /* Base */ = {isa = PBXFileReference; lastKnownFileType = file.storyboard; name = Base; path = Base.lproj/Main.storyboard; sourceTree = "<group>"; };
		0D64EB4A198404080003D1C1 /* Images.xcassets */ = {isa = PBXFileReference; lastKnownFileType = folder.assetcatalog; path = Images.xcassets; sourceTree = "<group>"; };
		0D64EB50198404080003D1C1 /* TouchTrackerTests.xctest */ = {isa = PBXFileReference; explicitFileType = wrapper.cfbundle; includeInIndex = 0; path = TouchTrackerTests.xctest; sourceTree = BUILT_PRODUCTS_DIR; };
		0D64EB55198404080003D1C1 /* Info.plist */ = {isa = PBXFileReference; lastKnownFileType = text.plist.xml; path = Info.plist; sourceTree = "<group>"; };
		0D64EB56198404080003D1C1 /* TouchTrackerTests.swift */ = {isa = PBXFileReference; lastKnownFileType = sourcecode.swift; path = TouchTrackerTests.swift; sourceTree = "<group>"; };
		0D64EB60198404380003D1C1 /* BNRLine.swift */ = {isa = PBXFileReference; fileEncoding = 4; lastKnownFileType = sourcecode.swift; path = BNRLine.swift; sourceTree = "<group>"; };
		0D64EB62198404960003D1C1 /* BNRDrawView.swift */ = {isa = PBXFileReference; fileEncoding = 4; lastKnownFileType = sourcecode.swift; path = BNRDrawView.swift; sourceTree = "<group>"; };
		0D64EB6419841DE00003D1C1 /* BNRDrawViewController.swift */ = {isa = PBXFileReference; fileEncoding = 4; lastKnownFileType = sourcecode.swift; path = BNRDrawViewController.swift; sourceTree = "<group>"; };
/* End PBXFileReference section */

/* Begin PBXFrameworksBuildPhase section */
		0D64EB3B198404080003D1C1 /* Frameworks */ = {
			isa = PBXFrameworksBuildPhase;
			buildActionMask = 2147483647;
			files = (
			);
			runOnlyForDeploymentPostprocessing = 0;
		};
		0D64EB4D198404080003D1C1 /* Frameworks */ = {
			isa = PBXFrameworksBuildPhase;
			buildActionMask = 2147483647;
			files = (
			);
			runOnlyForDeploymentPostprocessing = 0;
		};
/* End PBXFrameworksBuildPhase section */

/* Begin PBXGroup section */
		0D64EB35198404080003D1C1 = {
			isa = PBXGroup;
			children = (
				0D64EB40198404080003D1C1 /* TouchTracker */,
				0D64EB53198404080003D1C1 /* TouchTrackerTests */,
				0D64EB3F198404080003D1C1 /* Products */,
			);
			sourceTree = "<group>";
		};
		0D64EB3F198404080003D1C1 /* Products */ = {
			isa = PBXGroup;
			children = (
				0D64EB3E198404080003D1C1 /* TouchTracker.app */,
				0D64EB50198404080003D1C1 /* TouchTrackerTests.xctest */,
			);
			name = Products;
			sourceTree = "<group>";
		};
		0D64EB40198404080003D1C1 /* TouchTracker */ = {
			isa = PBXGroup;
			children = (
				0D64EB43198404080003D1C1 /* AppDelegate.swift */,
				0D64EB45198404080003D1C1 /* ViewController.swift */,
				0D64EB47198404080003D1C1 /* Main.storyboard */,
				0D64EB60198404380003D1C1 /* BNRLine.swift */,
				0D64EB62198404960003D1C1 /* BNRDrawView.swift */,
				0D64EB6419841DE00003D1C1 /* BNRDrawViewController.swift */,
				0D64EB4A198404080003D1C1 /* Images.xcassets */,
				0D64EB41198404080003D1C1 /* Supporting Files */,
			);
			path = TouchTracker;
			sourceTree = "<group>";
		};
		0D64EB41198404080003D1C1 /* Supporting Files */ = {
			isa = PBXGroup;
			children = (
				0D64EB42198404080003D1C1 /* Info.plist */,
			);
			name = "Supporting Files";
			sourceTree = "<group>";
		};
		0D64EB53198404080003D1C1 /* TouchTrackerTests */ = {
			isa = PBXGroup;
			children = (
				0D64EB56198404080003D1C1 /* TouchTrackerTests.swift */,
				0D64EB54198404080003D1C1 /* Supporting Files */,
			);
			path = TouchTrackerTests;
			sourceTree = "<group>";
		};
		0D64EB54198404080003D1C1 /* Supporting Files */ = {
			isa = PBXGroup;
			children = (
				0D64EB55198404080003D1C1 /* Info.plist */,
			);
			name = "Supporting Files";
			sourceTree = "<group>";
		};
/* End PBXGroup section */

/* Begin PBXNativeTarget section */
		0D64EB3D198404080003D1C1 /* TouchTracker */ = {
			isa = PBXNativeTarget;
			buildConfigurationList = 0D64EB5A198404080003D1C1 /* Build configuration list for PBXNativeTarget "TouchTracker" */;
			buildPhases = (
				0D64EB3A198404080003D1C1 /* Sources */,
				0D64EB3B198404080003D1C1 /* Frameworks */,
				0D64EB3C198404080003D1C1 /* Resources */,
			);
			buildRules = (
			);
			dependencies = (
			);
			name = TouchTracker;
			productName = TouchTracker;
			productReference = 0D64EB3E198404080003D1C1 /* TouchTracker.app */;
			productType = "com.apple.product-type.application";
		};
		0D64EB4F198404080003D1C1 /* TouchTrackerTests */ = {
			isa = PBXNativeTarget;
			buildConfigurationList = 0D64EB5D198404080003D1C1 /* Build configuration list for PBXNativeTarget "TouchTrackerTests" */;
			buildPhases = (
				0D64EB4C198404080003D1C1 /* Sources */,
				0D64EB4D198404080003D1C1 /* Frameworks */,
				0D64EB4E198404080003D1C1 /* Resources */,
			);
			buildRules = (
			);
			dependencies = (
				0D64EB52198404080003D1C1 /* PBXTargetDependency */,
			);
			name = TouchTrackerTests;
			productName = TouchTrackerTests;
			productReference = 0D64EB50198404080003D1C1 /* TouchTrackerTests.xctest */;
			productType = "com.apple.product-type.bundle.unit-test";
		};
/* End PBXNativeTarget section */

/* Begin PBXProject section */
		0D64EB36198404080003D1C1 /* Project object */ = {
			isa = PBXProject;
			attributes = {
				LastUpgradeCheck = 0600;
				ORGANIZATIONNAME = "David Kobilnyk";
				TargetAttributes = {
					0D64EB3D198404080003D1C1 = {
						CreatedOnToolsVersion = 6.0;
					};
					0D64EB4F198404080003D1C1 = {
						CreatedOnToolsVersion = 6.0;
						TestTargetID = 0D64EB3D198404080003D1C1;
					};
				};
			};
			buildConfigurationList = 0D64EB39198404080003D1C1 /* Build configuration list for PBXProject "TouchTracker" */;
			compatibilityVersion = "Xcode 3.2";
			developmentRegion = English;
			hasScannedForEncodings = 0;
			knownRegions = (
				en,
				Base,
			);
			mainGroup = 0D64EB35198404080003D1C1;
			productRefGroup = 0D64EB3F198404080003D1C1 /* Products */;
			projectDirPath = "";
			projectRoot = "";
			targets = (
				0D64EB3D198404080003D1C1 /* TouchTracker */,
				0D64EB4F198404080003D1C1 /* TouchTrackerTests */,
			);
		};
/* End PBXProject section */

/* Begin PBXResourcesBuildPhase section */
		0D64EB3C198404080003D1C1 /* Resources */ = {
			isa = PBXResourcesBuildPhase;
			buildActionMask = 2147483647;
			files = (
				0D64EB49198404080003D1C1 /* Main.storyboard in Resources */,
				0D64EB4B198404080003D1C1 /* Images.xcassets in Resources */,
			);
			runOnlyForDeploymentPostprocessing = 0;
		};
		0D64EB4E198404080003D1C1 /* Resources */ = {
			isa = PBXResourcesBuildPhase;
			buildActionMask = 2147483647;
			files = (
			);
			runOnlyForDeploymentPostprocessing = 0;
		};
/* End PBXResourcesBuildPhase section */

/* Begin PBXSourcesBuildPhase section */
		0D64EB3A198404080003D1C1 /* Sources */ = {
			isa = PBXSourcesBuildPhase;
			buildActionMask = 2147483647;
			files = (
				0D64EB46198404080003D1C1 /* ViewController.swift in Sources */,
				0D64EB61198404380003D1C1 /* BNRLine.swift in Sources */,
				0D64EB6519841DE00003D1C1 /* BNRDrawViewController.swift in Sources */,
				0D64EB44198404080003D1C1 /* AppDelegate.swift in Sources */,
				0D64EB63198404960003D1C1 /* BNRDrawView.swift in Sources */,
			);
			runOnlyForDeploymentPostprocessing = 0;
		};
		0D64EB4C198404080003D1C1 /* Sources */ = {
			isa = PBXSourcesBuildPhase;
			buildActionMask = 2147483647;
			files = (
				0D64EB57198404080003D1C1 /* TouchTrackerTests.swift in Sources */,
			);
			runOnlyForDeploymentPostprocessing = 0;
		};
/* End PBXSourcesBuildPhase section */

/* Begin PBXTargetDependency section */
		0D64EB52198404080003D1C1 /* PBXTargetDependency */ = {
			isa = PBXTargetDependency;
			target = 0D64EB3D198404080003D1C1 /* TouchTracker */;
			targetProxy = 0D64EB51198404080003D1C1 /* PBXContainerItemProxy */;
		};
/* End PBXTargetDependency section */

/* Begin PBXVariantGroup section */
		0D64EB47198404080003D1C1 /* Main.storyboard */ = {
			isa = PBXVariantGroup;
			children = (
				0D64EB48198404080003D1C1 /* Base */,
			);
			name = Main.storyboard;
			sourceTree = "<group>";
		};
/* End PBXVariantGroup section */

/* Begin XCBuildConfiguration section */
		0D64EB58198404080003D1C1 /* Debug */ = {
			isa = XCBuildConfiguration;
			buildSettings = {
				ALWAYS_SEARCH_USER_PATHS = NO;
				CLANG_CXX_LANGUAGE_STANDARD = "gnu++0x";
				CLANG_CXX_LIBRARY = "libc++";
				CLANG_ENABLE_MODULES = YES;
				CLANG_ENABLE_OBJC_ARC = YES;
				CLANG_WARN_BOOL_CONVERSION = YES;
				CLANG_WARN_CONSTANT_CONVERSION = YES;
				CLANG_WARN_DIRECT_OBJC_ISA_USAGE = YES_ERROR;
				CLANG_WARN_EMPTY_BODY = YES;
				CLANG_WARN_ENUM_CONVERSION = YES;
				CLANG_WARN_INT_CONVERSION = YES;
				CLANG_WARN_OBJC_ROOT_CLASS = YES_ERROR;
				CLANG_WARN_UNREACHABLE_CODE = YES;
				CLANG_WARN__DUPLICATE_METHOD_MATCH = YES;
				"CODE_SIGN_IDENTITY[sdk=iphoneos*]" = "iPhone Developer";
				COPY_PHASE_STRIP = NO;
				ENABLE_STRICT_OBJC_MSGSEND = YES;
				GCC_C_LANGUAGE_STANDARD = gnu99;
				GCC_DYNAMIC_NO_PIC = NO;
				GCC_OPTIMIZATION_LEVEL = 0;
				GCC_PREPROCESSOR_DEFINITIONS = (
					"DEBUG=1",
					"$(inherited)",
				);
				GCC_SYMBOLS_PRIVATE_EXTERN = NO;
				GCC_WARN_64_TO_32_BIT_CONVERSION = YES;
				GCC_WARN_ABOUT_RETURN_TYPE = YES_ERROR;
				GCC_WARN_UNDECLARED_SELECTOR = YES;
				GCC_WARN_UNINITIALIZED_AUTOS = YES_AGGRESSIVE;
				GCC_WARN_UNUSED_FUNCTION = YES;
				GCC_WARN_UNUSED_VARIABLE = YES;
				IPHONEOS_DEPLOYMENT_TARGET = 8.0;
				MTL_ENABLE_DEBUG_INFO = YES;
				ONLY_ACTIVE_ARCH = YES;
				SDKROOT = iphoneos;
				SWIFT_OPTIMIZATION_LEVEL = "-Onone";
			};
			name = Debug;
		};
		0D64EB59198404080003D1C1 /* Release */ = {
			isa = XCBuildConfiguration;
			buildSettings = {
				ALWAYS_SEARCH_USER_PATHS = NO;
				CLANG_CXX_LANGUAGE_STANDARD = "gnu++0x";
				CLANG_CXX_LIBRARY = "libc++";
				CLANG_ENABLE_MODULES = YES;
				CLANG_ENABLE_OBJC_ARC = YES;
				CLANG_WARN_BOOL_CONVERSION = YES;
				CLANG_WARN_CONSTANT_CONVERSION = YES;
				CLANG_WARN_DIRECT_OBJC_ISA_USAGE = YES_ERROR;
				CLANG_WARN_EMPTY_BODY = YES;
				CLANG_WARN_ENUM_CONVERSION = YES;
				CLANG_WARN_INT_CONVERSION = YES;
				CLANG_WARN_OBJC_ROOT_CLASS = YES_ERROR;
				CLANG_WARN_UNREACHABLE_CODE = YES;
				CLANG_WARN__DUPLICATE_METHOD_MATCH = YES;
				"CODE_SIGN_IDENTITY[sdk=iphoneos*]" = "iPhone Developer";
				COPY_PHASE_STRIP = YES;
				ENABLE_NS_ASSERTIONS = NO;
				ENABLE_STRICT_OBJC_MSGSEND = YES;
				GCC_C_LANGUAGE_STANDARD = gnu99;
				GCC_WARN_64_TO_32_BIT_CONVERSION = YES;
				GCC_WARN_ABOUT_RETURN_TYPE = YES_ERROR;
				GCC_WARN_UNDECLARED_SELECTOR = YES;
				GCC_WARN_UNINITIALIZED_AUTOS = YES_AGGRESSIVE;
				GCC_WARN_UNUSED_FUNCTION = YES;
				GCC_WARN_UNUSED_VARIABLE = YES;
				IPHONEOS_DEPLOYMENT_TARGET = 8.0;
				MTL_ENABLE_DEBUG_INFO = NO;
				SDKROOT = iphoneos;
				VALIDATE_PRODUCT = YES;
			};
			name = Release;
		};
		0D64EB5B198404080003D1C1 /* Debug */ = {
			isa = XCBuildConfiguration;
			buildSettings = {
				ASSETCATALOG_COMPILER_APPICON_NAME = AppIcon;
				ASSETCATALOG_COMPILER_LAUNCHIMAGE_NAME = LaunchImage;
				INFOPLIST_FILE = TouchTracker/Info.plist;
				LD_RUNPATH_SEARCH_PATHS = "$(inherited) @executable_path/Frameworks";
				PRODUCT_NAME = "$(TARGET_NAME)";
			};
			name = Debug;
		};
		0D64EB5C198404080003D1C1 /* Release */ = {
			isa = XCBuildConfiguration;
			buildSettings = {
				ASSETCATALOG_COMPILER_APPICON_NAME = AppIcon;
				ASSETCATALOG_COMPILER_LAUNCHIMAGE_NAME = LaunchImage;
				INFOPLIST_FILE = TouchTracker/Info.plist;
				LD_RUNPATH_SEARCH_PATHS = "$(inherited) @executable_path/Frameworks";
				PRODUCT_NAME = "$(TARGET_NAME)";
			};
			name = Release;
		};
		0D64EB5E198404080003D1C1 /* Debug */ = {
			isa = XCBuildConfiguration;
			buildSettings = {
				BUNDLE_LOADER = "$(BUILT_PRODUCTS_DIR)/TouchTracker.app/TouchTracker";
				FRAMEWORK_SEARCH_PATHS = (
					"$(SDKROOT)/Developer/Library/Frameworks",
					"$(inherited)",
				);
				GCC_PREPROCESSOR_DEFINITIONS = (
					"DEBUG=1",
					"$(inherited)",
				);
				INFOPLIST_FILE = TouchTrackerTests/Info.plist;
				LD_RUNPATH_SEARCH_PATHS = "$(inherited) @executable_path/Frameworks @loader_path/Frameworks";
				PRODUCT_NAME = "$(TARGET_NAME)";
				TEST_HOST = "$(BUNDLE_LOADER)";
			};
			name = Debug;
		};
		0D64EB5F198404080003D1C1 /* Release */ = {
			isa = XCBuildConfiguration;
			buildSettings = {
				BUNDLE_LOADER = "$(BUILT_PRODUCTS_DIR)/TouchTracker.app/TouchTracker";
				FRAMEWORK_SEARCH_PATHS = (
					"$(SDKROOT)/Developer/Library/Frameworks",
					"$(inherited)",
				);
				INFOPLIST_FILE = TouchTrackerTests/Info.plist;
				LD_RUNPATH_SEARCH_PATHS = "$(inherited) @executable_path/Frameworks @loader_path/Frameworks";
				PRODUCT_NAME = "$(TARGET_NAME)";
				TEST_HOST = "$(BUNDLE_LOADER)";
			};
			name = Release;
		};
/* End XCBuildConfiguration section */

/* Begin XCConfigurationList section */
		0D64EB39198404080003D1C1 /* Build configuration list for PBXProject "TouchTracker" */ = {
			isa = XCConfigurationList;
			buildConfigurations = (
				0D64EB58198404080003D1C1 /* Debug */,
				0D64EB59198404080003D1C1 /* Release */,
			);
			defaultConfigurationIsVisible = 0;
			defaultConfigurationName = Release;
		};
		0D64EB5A198404080003D1C1 /* Build configuration list for PBXNativeTarget "TouchTracker" */ = {
			isa = XCConfigurationList;
			buildConfigurations = (
				0D64EB5B198404080003D1C1 /* Debug */,
				0D64EB5C198404080003D1C1 /* Release */,
			);
			defaultConfigurationIsVisible = 0;
		};
		0D64EB5D198404080003D1C1 /* Build configuration list for PBXNativeTarget "TouchTrackerTests" */ = {
			isa = XCConfigurationList;
			buildConfigurations = (
				0D64EB5E198404080003D1C1 /* Debug */,
				0D64EB5F198404080003D1C1 /* Release */,
			);
			defaultConfigurationIsVisible = 0;
		};
/* End XCConfigurationList section */
	};
	rootObject = 0D64EB36198404080003D1C1 /* Project object */;
}
